
Microsoft Visual Studio Solution File, Format Version 12.00
# Visual Studio 15
VisualStudioVersion = 15.0.28307.960
MinimumVisualStudioVersion = 10.0.40219.1
Project("{FAE04EC0-301F-11D3-BF4B-00C04F79EFBC}") = "MMS.Web", "MMS.Web\MMS.Web.csproj", "{D1E0A6B8-EE3E-4682-8C0E-EE90B14D71C9}"
EndProject
Project("{FAE04EC0-301F-11D3-BF4B-00C04F79EFBC}") = "MMS.Data", "MMS.Data\MMS.Data.csproj", "{B3046CF8-E748-4428-A232-B9CFB4F4FA6E}"
EndProject
Global
	GlobalSection(SolutionConfigurationPlatforms) = preSolution
		Debug|Any CPU = Debug|Any CPU
		Release|Any CPU = Release|Any CPU
	EndGlobalSection
	GlobalSection(ProjectConfigurationPlatforms) = postSolution
		{D1E0A6B8-EE3E-4682-8C0E-EE90B14D71C9}.Debug|Any CPU.ActiveCfg = Debug|Any CPU
		{D1E0A6B8-EE3E-4682-8C0E-EE90B14D71C9}.Debug|Any CPU.Build.0 = Debug|Any CPU
		{D1E0A6B8-EE3E-4682-8C0E-EE90B14D71C9}.Release|Any CPU.ActiveCfg = Release|Any CPU
		{D1E0A6B8-EE3E-4682-8C0E-EE90B14D71C9}.Release|Any CPU.Build.0 = Release|Any CPU
		{B3046CF8-E748-4428-A232-B9CFB4F4FA6E}.Debug|Any CPU.ActiveCfg = Debug|Any CPU
		{B3046CF8-E748-4428-A232-B9CFB4F4FA6E}.Debug|Any CPU.Build.0 = Debug|Any CPU
		{B3046CF8-E748-4428-A232-B9CFB4F4FA6E}.Release|Any CPU.ActiveCfg = Release|Any CPU
		{B3046CF8-E748-4428-A232-B9CFB4F4FA6E}.Release|Any CPU.Build.0 = Release|Any CPU
	EndGlobalSection
	GlobalSection(SolutionProperties) = preSolution
		HideSolutionNode = FALSE
	EndGlobalSection
	GlobalSection(ExtensibilityGlobals) = postSolution
		SolutionGuid = {151AB66A-B591-4E55-A4BE-7B38C4D84F2E}
	EndGlobalSection
EndGlobal
